# This lock file was generated by conda-lock (https://github.com/conda/conda-lock). DO NOT EDIT!
#
# A "lock file" contains a concrete list of package versions (with checksums) to be installed. Unlike
# e.g. `conda env create`, the resulting environment will not change as new package versions become
# available, unless you explicitly update the lock file.
#
# Install this environment as "YOURENV" with:
#     conda-lock install -n YOURENV conda-lock.yml
# To update a single package to the latest version compatible with the version constraints in the source:
#     conda-lock lock  --lockfile conda-lock.yml --update PACKAGE
# To re-solve the entire environment, e.g. after changing a version constraint in the source file:
#     conda-lock -f environment.yml --lockfile conda-lock.yml
version: 1
metadata:
  content_hash:
    linux-aarch64: c4769038d8fa5c49520084508bdaeb91c39b459ad3ecb62aab322a72ee3a182c
    linux-64: 969879ea9d3ae13dd40300f4115e22c2156aee1d286a2e0f04a66e6860b845e2
  channels:
  - url: defaults
    used_env_vars: []
  platforms:
  - linux-aarch64
  - linux-64
  sources:
  - environment.yml
package:
- name: _libgcc_mutex
  version: '0.1'
  manager: conda
  platform: linux-64
  dependencies: {}
  url: https://repo.anaconda.com/pkgs/main/linux-64/_libgcc_mutex-0.1-main.conda
  hash:
    md5: c3473ff8bdb3d124ed5ff11ec380d6f9
    sha256: 476626712f60e5ef0fe04c354727152b1ee5285d57ccd3575c7be930122bd051
  category: main
  optional: false
- name: _libgcc_mutex
  version: '0.1'
  manager: conda
  platform: linux-aarch64
  dependencies: {}
  url: https://repo.anaconda.com/pkgs/main/linux-aarch64/_libgcc_mutex-0.1-main.conda
  hash:
    md5: b272288d02db5520249ca7870c2287b4
    sha256: 41e43dedb2e5805d15b60d0e337f625c6308b49ec94e1c7a2b34a62257ab850f
  category: main
  optional: false
- name: _openmp_mutex
  version: '5.1'
  manager: conda
  platform: linux-64
  dependencies:
    _libgcc_mutex: '0.1'
    libgomp: '>=7.5.0'
  url: https://repo.anaconda.com/pkgs/main/linux-64/_openmp_mutex-5.1-1_gnu.conda
  hash:
    md5: 71d281e9c2192cb3fa425655a8defb85
    sha256: 576011048d23f2e03372263493c5529f802286ff53e8426df99a5b11cc2572f3
  category: main
  optional: false
- name: _openmp_mutex
  version: '5.1'
  manager: conda
  platform: linux-aarch64
  dependencies:
    _libgcc_mutex: '0.1'
    libgomp: '>=7.5.0'
  url: https://repo.anaconda.com/pkgs/main/linux-aarch64/_openmp_mutex-5.1-51_gnu.conda
  hash:
    md5: 66329dd81c60123e0d7c4c39b7ee7afe
    sha256: 70892a5efb5803b565ba889b5479b6e866a0fabce3a7d2f648e494a9e7bff49b
  category: main
  optional: false
- name: bzip2
  version: 1.0.8
  manager: conda
  platform: linux-64
  dependencies:
    libgcc-ng: '>=11.2.0'
  url: https://repo.anaconda.com/pkgs/main/linux-64/bzip2-1.0.8-h5eee18b_6.conda
  hash:
    md5: f21a3ff51c1b271977f53ce956a69297
    sha256: 235f266d5f9c3c61748bb1af0eff21bc7ed2a2a356b97ff28d9c1135039b08b0
  category: main
  optional: false
- name: bzip2
  version: 1.0.8
  manager: conda
  platform: linux-aarch64
  dependencies:
    libgcc-ng: '>=11.2.0'
  url: https://repo.anaconda.com/pkgs/main/linux-aarch64/bzip2-1.0.8-h998d150_6.conda
  hash:
    md5: f580b2013db742598b2d59875bccf774
    sha256: ce168a001a8243588f8b127c40b866abcdd932733f0ab430cbf66dafbea297be
  category: main
  optional: false
- name: ca-certificates
  version: 2025.12.2
  manager: conda
  platform: linux-64
  dependencies: {}
  url: https://repo.anaconda.com/pkgs/main/linux-64/ca-certificates-2025.12.2-h06a4308_0.conda
  hash:
    md5: 4a93c43656592eb990b914fead171268
    sha256: 0c11f114b16e3b392f9e23f62ed6e48df81e1faec9bd036459edf7009bd819ac
  category: main
  optional: false
- name: ca-certificates
  version: 2025.12.2
  manager: conda
  platform: linux-aarch64
  dependencies: {}
  url: https://repo.anaconda.com/pkgs/main/linux-aarch64/ca-certificates-2025.12.2-hd43f75c_0.conda
  hash:
    md5: 340d0dd778aa10d5aa5e88eaa19fa6b2
    sha256: c038da1e61ee10221bfeda44705ae8123988816884964565d9f8e6a203dcc4d2
  category: main
  optional: false
- name: expat
  version: 2.7.4
  manager: conda
  platform: linux-64
  dependencies:
    __glibc: '>=2.28,<3.0.a0'
    libexpat: 2.7.4
    libgcc: '>=14'
    libstdcxx: '>=14'
  url: https://repo.anaconda.com/pkgs/main/linux-64/expat-2.7.4-h7354ed3_0.conda
  hash:
    md5: 575218bf09aa99037a6e3bb1f43796a8
    sha256: 6dc018cce7a88683c5e9b8ed14906ff342e8fee7307205123c588f9775a1b026
  category: main
  optional: false
- name: expat
  version: 2.7.4
  manager: conda
  platform: linux-aarch64
  dependencies:
    __glibc: '>=2.28,<3.0.a0'
    libexpat: 2.7.4
    libgcc: '>=14'
    libstdcxx: '>=14'
  url: https://repo.anaconda.com/pkgs/main/linux-aarch64/expat-2.7.4-h5b11e9f_0.conda
  hash:
    md5: e9872db71aa9d7ca2655454761f32d2f
    sha256: 1f5046b63db95b0fb4f6b6c2a7d354e03a250222ae211abbf08f9b31f13f20ba
  category: main
  optional: false
- name: ld_impl_linux-64
  version: '2.44'
  manager: conda
  platform: linux-64
  dependencies:
    __glibc: '>=2.28,<3.0.a0'
  url: https://repo.anaconda.com/pkgs/main/linux-64/ld_impl_linux-64-2.44-h153f514_2.conda
  hash:
    md5: dffdc9a0e09d04051d4bd758e104f4b3
    sha256: 89bc181d3d5976e5d7a763329c8877031e36ae5a3e9eabe7475e3cb1f55f5822
  category: main
  optional: false
- name: ld_impl_linux-aarch64
  version: '2.44'
  manager: conda
  platform: linux-aarch64
  dependencies:
    __glibc: '>=2.28,<3.0.a0'
  url: https://repo.anaconda.com/pkgs/main/linux-aarch64/ld_impl_linux-aarch64-2.44-h4e4ac68_2.conda
  hash:
    md5: 18328ad18956d228a084180a134ed390
    sha256: b4fdc07671e0c6ec90677905d1fb8caed806c2c3b9b15b2c422477a138ee2b78
  category: main
  optional: false
- name: libexpat
  version: 2.7.4
  manager: conda
  platform: linux-64
  dependencies:
    __glibc: '>=2.28,<3.0.a0'
    libgcc: '>=14'
    libstdcxx: '>=14'
  url: https://repo.anaconda.com/pkgs/main/linux-64/libexpat-2.7.4-h7354ed3_0.conda
  hash:
    md5: 04be005097756bc24b1929f4646506ae
    sha256: aaeb0b0bc0ca292600e19979b38afe692bde0a8bde24031d1e1ddced76b5e46d
  category: main
  optional: false
- name: libexpat
  version: 2.7.4
  manager: conda
  platform: linux-aarch64
  dependencies:
    __glibc: '>=2.28,<3.0.a0'
    libgcc: '>=14'
    libstdcxx: '>=14'
  url: https://repo.anaconda.com/pkgs/main/linux-aarch64/libexpat-2.7.4-h5b11e9f_0.conda
  hash:
    md5: a6356b40fb1b5b99469fa7bedc8dd175
    sha256: d26e44bbccce3d138cc41fc0a733039c5acdb081fb8eed06c80f481f15b90a31
  category: main
  optional: false
- name: libffi
  version: 3.4.4
  manager: conda
  platform: linux-64
  dependencies:
    libgcc-ng: '>=11.2.0'
    libstdcxx-ng: '>=11.2.0'
  url: https://repo.anaconda.com/pkgs/main/linux-64/libffi-3.4.4-h6a678d5_1.conda
  hash:
    md5: 70646cc713f0c43926cfdcfe9b695fe0
    sha256: b0e7fe2e5d498bc5a2c57cf942701bba8f22ec55de55e092ffbffc40b816df88
  category: main
  optional: false
- name: libffi
  version: 3.4.4
  manager: conda
  platform: linux-aarch64
  dependencies:
    libgcc-ng: '>=11.2.0'
    libstdcxx-ng: '>=11.2.0'
  url: https://repo.anaconda.com/pkgs/main/linux-aarch64/libffi-3.4.4-h419075a_1.conda
  hash:
    md5: 34c197394030fa553d97fc902585ee9b
    sha256: 18fd986f0ef7f6a59c363e5305d06fe3f20509c39e3393fef60d722316828992
  category: main
  optional: false
- name: libgcc
  version: 15.2.0
  manager: conda
  platform: linux-64
  dependencies:
    __glibc: '>=2.28,<3.0.a0'
    _openmp_mutex: '>=4.5'
  url: https://repo.anaconda.com/pkgs/main/linux-64/libgcc-15.2.0-h69a1729_7.conda
  hash:
    md5: 01fb1b8725fc7f66312b9d409758917a
    sha256: baf9d8d16e2a8ae7a4d1b80f2c1a932deaca1a87c677a370f6ab4688482db47b
  category: main
  optional: false
- name: libgcc
  version: 15.2.0
  manager: conda
  platform: linux-aarch64
  dependencies:
    __glibc: '>=2.28,<3.0.a0'
    _openmp_mutex: '>=4.5'
  url: https://repo.anaconda.com/pkgs/main/linux-aarch64/libgcc-15.2.0-hc18542e_7.conda
  hash:
    md5: a31a8c63a5fe7234863f8e9dd2b20901
    sha256: 06ae831ca00e09a65ba8b5536e8b728be3eb909e0cf041ebcc542b92fa4bc969
  category: main
  optional: false
- name: libgcc-ng
  version: 15.2.0
  manager: conda
  platform: linux-64
  dependencies:
    _libgcc_mutex: '*'
    libgcc: 15.2.0
  url: https://repo.anaconda.com/pkgs/main/linux-64/libgcc-ng-15.2.0-h166f726_7.conda
  hash:
    md5: 2783efb2502b9caa7f08e25fd54df899
    sha256: 3a3678f17a8916777d03b83f19f673107b4a9bf55366234dcfa42edbd5173123
  category: main
  optional: false
- name: libgcc-ng
  version: 15.2.0
  manager: conda
  platform: linux-aarch64
  dependencies:
    _libgcc_mutex: '*'
    libgcc: 15.2.0
  url: https://repo.anaconda.com/pkgs/main/linux-aarch64/libgcc-ng-15.2.0-h51576c1_7.conda
  hash:
    md5: e7d01ec71523a231b0d3b83f33a2dd21
    sha256: e672543a5f8d8ae30c7feab3ba57a2960c46756ca24fb027e3f6284a88d44acb
  category: main
  optional: false
- name: libgomp
  version: 15.2.0
  manager: conda
  platform: linux-64
  dependencies:
    __glibc: '>=2.28,<3.0.a0'
  url: https://repo.anaconda.com/pkgs/main/linux-64/libgomp-15.2.0-h4751f2c_7.conda
  hash:
    md5: 82025ed6da944bd419d42d9b1ff116aa
    sha256: 835e44371812c91563a00dec8bc98c460f8b9f33f50543244bc8774c446a2172
  category: main
  optional: false
- name: libgomp
  version: 15.2.0
  manager: conda
  platform: linux-aarch64
  dependencies:
    __glibc: '>=2.28,<3.0.a0'
  url: https://repo.anaconda.com/pkgs/main/linux-aarch64/libgomp-15.2.0-hf47c802_7.conda
  hash:
    md5: 3403656472f38870e65c29aa6065e00e
    sha256: 69eeb9a1342df1ba18d0fa994ebf3a43a653cf48a006b8778682cf032cf1e565
  category: main
  optional: false
- name: libnsl
  version: 2.0.0
  manager: conda
  platform: linux-64
  dependencies:
    libgcc-ng: '>=11.2.0'
  url: https://repo.anaconda.com/pkgs/main/linux-64/libnsl-2.0.0-h5eee18b_0.conda
  hash:
    md5: 55e3f1b0c2a70454cdf1a5d64fb44752
    sha256: 34fbadc1e86ee37b19b98799b4f806d8be205e9c0220bdb76598f0295961812e
  category: main
  optional: false
- name: libnsl
  version: 2.0.0
  manager: conda
  platform: linux-aarch64
  dependencies:
    libgcc-ng: '>=11.2.0'
  url: https://repo.anaconda.com/pkgs/main/linux-aarch64/libnsl-2.0.0-h998d150_0.conda
  hash:
    md5: fced6107191fd63460a0400f6ce2fe51
    sha256: b6507b91c5d2602dec89a04583ceddd32b631a5319724fec07db689075cf4445
  category: main
  optional: false
- name: libstdcxx
  version: 15.2.0
  manager: conda
  platform: linux-64
  dependencies:
    __glibc: '>=2.28,<3.0.a0'
    libgcc: 15.2.0
  url: https://repo.anaconda.com/pkgs/main/linux-64/libstdcxx-15.2.0-h39759b7_7.conda
  hash:
    md5: 7dc7ec61ceea5de17f3e2c4c5f442fc6
    sha256: 747474162ae421d680ab3374d8b11158701206d4a9c4a8f9de557dd6fc13345a
  category: main
  optional: false
- name: libstdcxx
  version: 15.2.0
  manager: conda
  platform: linux-aarch64
  dependencies:
    __glibc: '>=2.28,<3.0.a0'
    libgcc: 15.2.0
  url: https://repo.anaconda.com/pkgs/main/linux-aarch64/libstdcxx-15.2.0-h9538471_7.conda
  hash:
    md5: 90938778a2b6d4ba5c618b6e95b07a4b
    sha256: 13c51fceabb26176b862042f079e74bc6bfc527a658dfd76d184bfb4c0cf5e90
  category: main
  optional: false
- name: libstdcxx-ng
  version: 15.2.0
  manager: conda
  platform: linux-64
  dependencies:
    libstdcxx: 15.2.0
  url: https://repo.anaconda.com/pkgs/main/linux-64/libstdcxx-ng-15.2.0-hc03a8fd_7.conda
  hash:
    md5: cf200522c0b13d64bf81035358d05f5b
    sha256: 7a39becf3c7dd6016d4b6d24587071cda2afefcdf2886ad16572095261c87b90
  category: main
  optional: false
- name: libstdcxx-ng
  version: 15.2.0
  manager: conda
  platform: linux-aarch64
  dependencies:
    libstdcxx: 15.2.0
  url: https://repo.anaconda.com/pkgs/main/linux-aarch64/libstdcxx-ng-15.2.0-h719ae8e_7.conda
  hash:
    md5: 34e6c37bb398595bc67ef229f5e60c80
    sha256: 928ee09e47b0ec7a7125e36a604e157ae24724117dd20706e1875e3bfb273f8f
  category: main
  optional: false
- name: libuuid
  version: 1.41.5
  manager: conda
  platform: linux-64
  dependencies:
    libgcc-ng: '>=11.2.0'
  url: https://repo.anaconda.com/pkgs/main/linux-64/libuuid-1.41.5-h5eee18b_0.conda
  hash:
    md5: 4a6a2354414c9080327274aa514e5299
    sha256: 2a401aafabac51b7736cfe12d2ab205d29052640ea8183253c9d0a8e7ed0d49a
  category: main
  optional: false
- name: libuuid
  version: 1.41.5
  manager: conda
  platform: linux-aarch64
  dependencies:
    libgcc-ng: '>=11.2.0'
  url: https://repo.anaconda.com/pkgs/main/linux-aarch64/libuuid-1.41.5-h998d150_0.conda
  hash:
    md5: 59cd225a7659291aa716c6cdae7e1363
    sha256: eb8b7877795b5a27d0d4ecfe4e6e103362869362472f301a0c94dad8662e8618
  category: main
  optional: false
- name: libxcb
  version: 1.17.0
  manager: conda
  platform: linux-64
  dependencies:
    libgcc-ng: '>=11.2.0'
    pthread-stubs: ''
    xorg-libxau: '>=1.0.12,<2.0a0'
    xorg-libxdmcp: '>=1.1.5,<2.0a0'
  url: https://repo.anaconda.com/pkgs/main/linux-64/libxcb-1.17.0-h9b100fa_0.conda
  hash:
    md5: fdf0d380fa3809a301e2dbc0d5183883
    sha256: f9cd1564fc83261ddba7496404f18143d4f8fda52e42c040005c1b1ad3e47f56
  category: main
  optional: false
- name: libxcb
  version: 1.17.0
  manager: conda
  platform: linux-aarch64
  dependencies:
    libgcc-ng: '>=11.2.0'
    pthread-stubs: ''
    xorg-libxau: '>=1.0.12,<2.0a0'
    xorg-libxdmcp: '>=1.1.5,<2.0a0'
  url: https://repo.anaconda.com/pkgs/main/linux-aarch64/libxcb-1.17.0-hf66535e_0.conda
  hash:
    md5: 28e00a696fd74b7550b7d1b8698e10af
    sha256: 9f4a115a48f07a881abfaa501948db678f63592246af9a6d5ee0609301802bd5
  category: main
  optional: false
- name: libzlib
  version: 1.3.1
  manager: conda
  platform: linux-64
  dependencies:
    __glibc: '>=2.17,<3.0.a0'
    libgcc-ng: '>=11.2.0'
  url: https://repo.anaconda.com/pkgs/main/linux-64/libzlib-1.3.1-hb25bd0a_0.conda
  hash:
    md5: 338ee51e19ee211b7fc994d4ba88c631
    sha256: 2e0a3ea3aba7ffaa9c2ce9b267b34b12859f93bde8e62cedcbbab6144776568f
  category: main
  optional: false
- name: libzlib
  version: 1.3.1
  manager: conda
  platform: linux-aarch64
  dependencies:
    libgcc-ng: '>=11.2.0'
  url: https://repo.anaconda.com/pkgs/main/linux-aarch64/libzlib-1.3.1-h998d150_0.conda
  hash:
    md5: 7d92046a5eb7a64af7ffbd0bc5ae7366
    sha256: 8dd49d0fe4a8a309e1aa22f96ff61d203eb719710436737042f6d0336635e18f
  category: main
  optional: false
- name: ncurses
  version: '6.5'
  manager: conda
  platform: linux-64
  dependencies:
    __glibc: '>=2.17,<3.0.a0'
    libgcc-ng: '>=11.2.0'
  url: https://repo.anaconda.com/pkgs/main/linux-64/ncurses-6.5-h7934f7d_0.conda
  hash:
    md5: 0abfc090299da4bb031b84c64309757b
    sha256: 5ab33c1e90efbb3507116ae00d1f6740ec74104bb7028dc017f5f76796cee154
  category: main
  optional: false
- name: ncurses
  version: '6.5'
  manager: conda
  platform: linux-aarch64
  dependencies:
    libgcc-ng: '>=11.2.0'
  url: https://repo.anaconda.com/pkgs/main/linux-aarch64/ncurses-6.5-h419075a_0.conda
  hash:
    md5: 7a1863281d1b73c33d04a3709fda9bda
    sha256: a15c4e8b1f211f754a41cd4e1710b548cd226114228361cb563342c199d0e9b7
  category: main
  optional: false
- name: openssl
  version: 3.0.19
  manager: conda
  platform: linux-64
  dependencies:
    __glibc: '>=2.28,<3.0.a0'
    ca-certificates: ''
    libgcc: '>=14'
  url: https://repo.anaconda.com/pkgs/main/linux-64/openssl-3.0.19-h1b28b03_0.conda
  hash:
    md5: 5bf913f777cef6481f325fe4b769a1a9
    sha256: 5dea98aa3b68bd52ca15d47ccf7f3afcb2559f069c2bca47c8033621b9510102
  category: main
  optional: false
- name: openssl
  version: 3.0.19
  manager: conda
  platform: linux-aarch64
  dependencies:
    __glibc: '>=2.28,<3.0.a0'
    ca-certificates: ''
    libgcc: '>=14'
  url: https://repo.anaconda.com/pkgs/main/linux-aarch64/openssl-3.0.19-h39c9139_0.conda
  hash:
    md5: 1064c84c0b23aaf3fdcba5450eaa8d1c
    sha256: 5f1be373c75b69b8d4691826ce7c88e424245aceecc2efec4d418324aa31ea87
  category: main
  optional: false
- name: pthread-stubs
  version: '0.3'
  manager: conda
  platform: linux-64
  dependencies:
    libgcc-ng: '>=7.2.0'
  url: https://repo.anaconda.com/pkgs/main/linux-64/pthread-stubs-0.3-h0ce48e5_1.conda
  hash:
    md5: 973a642312d2a28927aaf5b477c67250
    sha256: 119c5ad43fb92b2f14a25c53276072ee77ff6b40c72e6617b523b9de0eb0822a
  category: main
  optional: false
- name: pthread-stubs
  version: '0.3'
  manager: conda
  platform: linux-aarch64
  dependencies:
    libgcc-ng: '>=10.2.0'
  url: https://repo.anaconda.com/pkgs/main/linux-aarch64/pthread-stubs-0.3-hfd63f10_1.conda
  hash:
    md5: bd26b7e13996984230e8ec67f3ebd4c7
    sha256: 8127d83effe9e77fbcff1dfd1ad61ecb02251615501a9af524a690e573bbc9af
  category: main
  optional: false
- name: python
  version: 3.10.19
  manager: conda
  platform: linux-64
  dependencies:
    bzip2: '>=1.0.8,<2.0a0'
    expat: '>=2.7.1,<3.0a0'
    ld_impl_linux-64: '>=2.35.1'
    libffi: '>=3.4,<4.0a0'
    libgcc-ng: '>=11.2.0'
    libnsl: '>=2.0.0,<2.1.0a0'
    libuuid: '>=1.41.5,<2.0a0'
    ncurses: '>=6.5,<7.0a0'
    openssl: '>=3.0.18,<4.0a0'
    readline: '>=8.3,<9.0a0'
    sqlite: '>=3.50.2,<4.0a0'
    tk: '>=8.6.15,<8.7.0a0'
    tzdata: ''
    xz: '>=5.6.4,<6.0a0'
    zlib: '>=1.2.13,<2.0a0'
  url: https://repo.anaconda.com/pkgs/main/linux-64/python-3.10.19-h6fa692b_0.conda
  hash:
    md5: 8d6dba6fda8751d60c7f43531a443999
    sha256: 7d658cc803d0fed18269d88df5aaee2508de7e43edec5f18a8026d751e1831e1
  category: main
  optional: false
- name: python
  version: 3.10.19
  manager: conda
  platform: linux-aarch64
  dependencies:
    bzip2: '>=1.0.8,<2.0a0'
    expat: '>=2.7.1,<3.0a0'
    ld_impl_linux-aarch64: '>=2.35.1'
    libffi: '>=3.4,<4.0a0'
    libgcc-ng: '>=11.2.0'
    libnsl: '>=2.0.0,<2.1.0a0'
    libuuid: '>=1.41.5,<2.0a0'
    ncurses: '>=6.5,<7.0a0'
    openssl: '>=3.0.18,<4.0a0'
    readline: '>=8.3,<9.0a0'
    sqlite: '>=3.50.2,<4.0a0'
    tk: '>=8.6.15,<8.7.0a0'
    tzdata: ''
    xz: '>=5.6.4,<6.0a0'
    zlib: '>=1.2.13,<2.0a0'
  url: https://repo.anaconda.com/pkgs/main/linux-aarch64/python-3.10.19-h81fb49f_0.conda
  hash:
    md5: 312eeb5a1f28f81b56226d0ec6f8bb03
    sha256: 1d0b8d3c6d23d063e46f55d2e090c09ab1d4e4ff3816af19e1a8a754549017e5
  category: main
  optional: false
- name: readline
  version: '8.3'
  manager: conda
  platform: linux-64
  dependencies:
    __glibc: '>=2.17,<3.0.a0'
    libgcc-ng: '>=11.2.0'
    ncurses: '>=6.5,<7.0a0'
  url: https://repo.anaconda.com/pkgs/main/linux-64/readline-8.3-hc2a1206_0.conda
  hash:
    md5: 8578e006d4ef5cb98a6cda232b3490f6
    sha256: 0a438fa74f2776bde137017d6c18214b5da65b557f6a59f877fa4e091582f789
  category: main
  optional: false
- name: readline
  version: '8.3'
  manager: conda
  platform: linux-aarch64
  dependencies:
    libgcc-ng: '>=11.2.0'
    ncurses: '>=6.5,<7.0a0'
  url: https://repo.anaconda.com/pkgs/main/linux-aarch64/readline-8.3-h886d1d0_0.conda
  hash:
    md5: f04b3cb7ab28e886ceb012e4e9626e82
    sha256: 3cc178114a9108f4d0c81b924a1ce4961733166335b4e09b7e1f88e4cc182ccf
  category: main
  optional: false
- name: sqlite
  version: 3.51.1
  manager: conda
  platform: linux-64
  dependencies:
    __glibc: '>=2.28,<3.0.a0'
    libgcc: '>=14'
    ncurses: '>=6.5,<7.0a0'
    readline: '>=8.3,<9.0a0'
    zlib: '>=1.2.13,<2.0a0'
  url: https://repo.anaconda.com/pkgs/main/linux-64/sqlite-3.51.1-he0a8d7e_0.conda
  hash:
    md5: 63165d4db945c028e17efd2c87320926
    sha256: 7f5ed30f1fd5a9affaf7ea4e0c6b173ee1336138d8a9e4d6ac86908dc0577acb
  category: main
  optional: false
- name: sqlite
  version: 3.51.1
  manager: conda
  platform: linux-aarch64
  dependencies:
    __glibc: '>=2.28,<3.0.a0'
    libgcc: '>=14'
    ncurses: '>=6.5,<7.0a0'
    readline: '>=8.3,<9.0a0'
    zlib: '>=1.2.13,<2.0a0'
  url: https://repo.anaconda.com/pkgs/main/linux-aarch64/sqlite-3.51.1-hcfd1b6d_0.conda
  hash:
    md5: 64e92fbee986eabd36a9f2b2bf204d8f
    sha256: ef0d8326fec911bfb52ea253f12dd36b2019934e06d81b775aab5ab7206187e4
  category: main
  optional: false
- name: tk
  version: 8.6.15
  manager: conda
  platform: linux-64
  dependencies:
    __glibc: '>=2.17,<3.0.a0'
    libgcc-ng: '>=11.2.0'
    xorg-libx11: '>=1.8.12,<2.0a0'
    zlib: '>=1.2.13,<2.0.0a0'
  url: https://repo.anaconda.com/pkgs/main/linux-64/tk-8.6.15-h54e0aa7_0.conda
  hash:
    md5: 1fa91e0c4fc9c9435eda3f1a25a676fd
    sha256: a3bcd301ddd0bdb2f52f9bd3274fabe3c33d43ed61e58ee657efeac01b4be157
  category: main
  optional: false
- name: tk
  version: 8.6.15
  manager: conda
  platform: linux-aarch64
  dependencies:
    libgcc-ng: '>=11.2.0'
    xorg-libx11: '>=1.8.12,<2.0a0'
    zlib: '>=1.2.13,<2.0.0a0'
  url: https://repo.anaconda.com/pkgs/main/linux-aarch64/tk-8.6.15-h987d8db_0.conda
  hash:
    md5: 6a7f42565108e00d27f68f4ae5751c53
    sha256: 7e200ff8eda9a62b654a30c9edd742a28b023f326d4a18f6f2f4abe951b2c8ec
  category: main
  optional: false
- name: tzdata
  version: 2025c
  manager: conda
  platform: linux-64
  dependencies: {}
  url: https://repo.anaconda.com/pkgs/main/noarch/tzdata-2025c-he532380_0.conda
  hash:
    md5: 6e382d15985f0eb3641376c4ec105389
    sha256: 736c2d2bd5ee924c905e7b41024d3887828e9ce048643352f273aa92087629a3
  category: main
  optional: false
- name: tzdata
  version: 2025c
  manager: conda
  platform: linux-aarch64
  dependencies: {}
  url: https://repo.anaconda.com/pkgs/main/noarch/tzdata-2025c-he532380_0.conda
  hash:
    md5: 6e382d15985f0eb3641376c4ec105389
    sha256: 736c2d2bd5ee924c905e7b41024d3887828e9ce048643352f273aa92087629a3
  category: main
  optional: false
- name: xorg-libx11
  version: 1.8.12
  manager: conda
  platform: linux-64
  dependencies:
    libgcc-ng: '>=11.2.0'
    libxcb: '>=1.17.0,<2.0a0'
    xorg-xorgproto: '>=2024.1,<2025.0a0'
  url: https://repo.anaconda.com/pkgs/main/linux-64/xorg-libx11-1.8.12-h9b100fa_1.conda
  hash:
    md5: 6298b27afae6f49f03765b2a03df2fcb
    sha256: e9e6228687c03d1c1318f6d7434e6c54f1a5e821def15d4926a5ce4c0a01a17e
  category: main
  optional: false
- name: xorg-libx11
  version: 1.8.12
  manager: conda
  platform: linux-aarch64
  dependencies:
    libgcc-ng: '>=11.2.0'
    libxcb: '>=1.17.0,<2.0a0'
    xorg-xorgproto: '>=2024.1,<2025.0a0'
  url: https://repo.anaconda.com/pkgs/main/linux-aarch64/xorg-libx11-1.8.12-hf66535e_1.conda
  hash:
    md5: e87565f2b050d575ee056f472d062383
    sha256: 6dc7b5d8998298e251ab4610f7a1efd9723e1ec78558c749909cda0342194740
  category: main
  optional: false
- name: xorg-libxau
  version: 1.0.12
  manager: conda
  platform: linux-64
  dependencies:
    libgcc-ng: '>=11.2.0'
  url: https://repo.anaconda.com/pkgs/main/linux-64/xorg-libxau-1.0.12-h9b100fa_0.conda
  hash:
    md5: a8005a9f6eb903e113cd5363e8a11459
    sha256: 68acf87da69a0237d5083798a9cc9b89d2887a84a5323aa740006b53cd5159ef
  category: main
  optional: false
- name: xorg-libxau
  version: 1.0.12
  manager: conda
  platform: linux-aarch64
  dependencies:
    libgcc-ng: '>=11.2.0'
  url: https://repo.anaconda.com/pkgs/main/linux-aarch64/xorg-libxau-1.0.12-hf66535e_0.conda
  hash:
    md5: 96f0df92ef31ad0aaf27b6b373e4f510
    sha256: 0da54142ef0bd137ad44c8927d6ed12f23f2f10a3797aecbceed8150d07be3c7
  category: main
  optional: false
- name: xorg-libxdmcp
  version: 1.1.5
  manager: conda
  platform: linux-64
  dependencies:
    libgcc-ng: '>=11.2.0'
  url: https://repo.anaconda.com/pkgs/main/linux-64/xorg-libxdmcp-1.1.5-h9b100fa_0.conda
  hash:
    md5: c284a09ddfba81d9c4e740110f09ea06
    sha256: 459c8497d1c22b020404b481fa12011abeb27d8eefde37dd4ac9f5a443fd5ac7
  category: main
  optional: false
- name: xorg-libxdmcp
  version: 1.1.5
  manager: conda
  platform: linux-aarch64
  dependencies:
    libgcc-ng: '>=11.2.0'
  url: https://repo.anaconda.com/pkgs/main/linux-aarch64/xorg-libxdmcp-1.1.5-hf66535e_0.conda
  hash:
    md5: 5bfda69ee113cfc8e38e0214c078ef4e
    sha256: 54db79084bdfe59f8d9ca7518f8b7441b6d00a6e68a33462ab000fda129fd08d
  category: main
  optional: false
- name: xorg-xorgproto
  version: '2024.1'
  manager: conda
  platform: linux-64
  dependencies:
    libgcc-ng: '>=11.2.0'
  url: https://repo.anaconda.com/pkgs/main/linux-64/xorg-xorgproto-2024.1-h5eee18b_1.conda
  hash:
    md5: 412a0d97a7a51d23326e57226189da92
    sha256: aa6d3ab9be5b43d3e8ac0c7e23f2a83c3959f8f30ec758e2fcae91f87a9b23b4
  category: main
  optional: false
- name: xorg-xorgproto
  version: '2024.1'
  manager: conda
  platform: linux-aarch64
  dependencies:
    libgcc-ng: '>=11.2.0'
  url: https://repo.anaconda.com/pkgs/main/linux-aarch64/xorg-xorgproto-2024.1-h998d150_1.conda
  hash:
    md5: 46b530510556e0b1830c40b5ac625f0e
    sha256: 347ac79a59f0c88a743a27b62c41ffe12aaa048c1ae5727646269a655b832f28
  category: main
  optional: false
- name: xz
  version: 5.6.4
  manager: conda
  platform: linux-64
  dependencies:
    libgcc-ng: '>=11.2.0'
  url: https://repo.anaconda.com/pkgs/main/linux-64/xz-5.6.4-h5eee18b_1.conda
  hash:
    md5: 3581505fa450962d631bd82b8616350e
    sha256: a9445543c2b1a1a96c052ac4535cfceb413cdbb0454a0710f9a4c98e7d5d0b1c
  category: main
  optional: false
- name: xz
  version: 5.6.4
  manager: conda
  platform: linux-aarch64
  dependencies:
    libgcc-ng: '>=11.2.0'
  url: https://repo.anaconda.com/pkgs/main/linux-aarch64/xz-5.6.4-h998d150_1.conda
  hash:
    md5: f24eba0df128871df1e71b7bb2df9868
    sha256: 0375dc36b5d96d477ae0ced3930b77a2e4c9e01229a76139c71f24bdc7e5b9be
  category: main
  optional: false
- name: zlib
  version: 1.3.1
  manager: conda
  platform: linux-64
  dependencies:
    __glibc: '>=2.17,<3.0.a0'
    libgcc-ng: '>=11.2.0'
    libzlib: 1.3.1
  url: https://repo.anaconda.com/pkgs/main/linux-64/zlib-1.3.1-hb25bd0a_0.conda
  hash:
    md5: 9f3a877e5e0fa0fb39253a59ff824861
    sha256: cf30f83189a30b12a9239f132ea0ce676fa822a52045adb0f9ff9b3b4d79ead6
  category: main
  optional: false
- name: zlib
  version: 1.3.1
  manager: conda
  platform: linux-aarch64
  dependencies:
    libgcc-ng: '>=11.2.0'
    libzlib: 1.3.1
  url: https://repo.anaconda.com/pkgs/main/linux-aarch64/zlib-1.3.1-h998d150_0.conda
  hash:
    md5: 58ccfae41b6e3ad4fd6961071d450f6a
    sha256: db213b9f69ccaf2457daabc1a92a4ce0c7aab6bba8145a2e349812cd6f0b41b4
  category: main
  optional: false
